
Microsoft Visual Studio Solution File, Format Version 12.00
# Visual Studio Version 16
VisualStudioVersion = 16.0.30503.244
MinimumVisualStudioVersion = 10.0.40219.1
Project("{FAE04EC0-301F-11D3-BF4B-00C04F79EFBC}") = "HarryPotter", "HarryPotter\HarryPotter.csproj", "{68571932-D70B-4D07-90F1-CB23046A353B}"
EndProject
Global
	GlobalSection(SolutionConfigurationPlatforms) = preSolution
		Debug|Any CPU = Debug|Any CPU
		Release|Any CPU = Release|Any CPU
	EndGlobalSection
	GlobalSection(ProjectConfigurationPlatforms) = postSolution
		{68571932-D70B-4D07-90F1-CB23046A353B}.Debug|Any CPU.ActiveCfg = Debug|Any CPU
		{68571932-D70B-4D07-90F1-CB23046A353B}.Debug|Any CPU.Build.0 = Debug|Any CPU
		{68571932-D70B-4D07-90F1-CB23046A353B}.Release|Any CPU.ActiveCfg = Release|Any CPU
		{68571932-D70B-4D07-90F1-CB23046A353B}.Release|Any CPU.Build.0 = Release|Any CPU
	EndGlobalSection
	GlobalSection(SolutionProperties) = preSolution
		HideSolutionNode = FALSE
	EndGlobalSection
	GlobalSection(ExtensibilityGlobals) = postSolution
		SolutionGuid = {91FD8799-3A63-4D0B-A98A-6D36BA25A1A4}
	EndGlobalSection
EndGlobal
